
Microsoft Visual Studio Solution File, Format Version 12.00
# Visual Studio 14
VisualStudioVersion = 14.0.25420.1
MinimumVisualStudioVersion = 10.0.40219.1
Project("{8BC9CEB8-8B4A-11D0-8D11-00A0C91BC942}") = "client", "client\client.vcxproj", "{DAACD927-ABCF-49D7-B380-BFED91DC250B}"
EndProject
Project("{8BC9CEB8-8B4A-11D0-8D11-00A0C91BC942}") = "launcher", "launcher\launcher.vcxproj", "{4AD51D88-DCC7-4F2D-91A1-010A7F456F9F}"
EndProject
Project("{8BC9CEB8-8B4A-11D0-8D11-00A0C91BC942}") = "server", "server\server.vcxproj", "{5F5037F0-2B72-4511-966F-43949D4E0203}"
EndProject
Project("{8BC9CEB8-8B4A-11D0-8D11-00A0C91BC942}") = "raknet", "raknet\raknet.vcxproj", "{153F6DEB-A865-4E1B-A2B7-91B9A3955DF8}"
EndProject
Global
	GlobalSection(SolutionConfigurationPlatforms) = preSolution
		Debug|x64 = Debug|x64
		Debug|x86 = Debug|x86
		Release|x64 = Release|x64
		Release|x86 = Release|x86
	EndGlobalSection
	GlobalSection(ProjectConfigurationPlatforms) = postSolution
		{DAACD927-ABCF-49D7-B380-BFED91DC250B}.Debug|x64.ActiveCfg = Debug|x64
		{DAACD927-ABCF-49D7-B380-BFED91DC250B}.Debug|x64.Build.0 = Debug|x64
		{DAACD927-ABCF-49D7-B380-BFED91DC250B}.Debug|x86.ActiveCfg = Debug|Win32
		{DAACD927-ABCF-49D7-B380-BFED91DC250B}.Debug|x86.Build.0 = Debug|Win32
		{DAACD927-ABCF-49D7-B380-BFED91DC250B}.Release|x64.ActiveCfg = Release|x64
		{DAACD927-ABCF-49D7-B380-BFED91DC250B}.Release|x64.Build.0 = Release|x64
		{DAACD927-ABCF-49D7-B380-BFED91DC250B}.Release|x86.ActiveCfg = Release|Win32
		{DAACD927-ABCF-49D7-B380-BFED91DC250B}.Release|x86.Build.0 = Release|Win32
		{4AD51D88-DCC7-4F2D-91A1-010A7F456F9F}.Debug|x64.ActiveCfg = Debug|x64
		{4AD51D88-DCC7-4F2D-91A1-010A7F456F9F}.Debug|x64.Build.0 = Debug|x64
		{4AD51D88-DCC7-4F2D-91A1-010A7F456F9F}.Debug|x86.ActiveCfg = Debug|Win32
		{4AD51D88-DCC7-4F2D-91A1-010A7F456F9F}.Debug|x86.Build.0 = Debug|Win32
		{4AD51D88-DCC7-4F2D-91A1-010A7F456F9F}.Release|x64.ActiveCfg = Release|x64
		{4AD51D88-DCC7-4F2D-91A1-010A7F456F9F}.Release|x64.Build.0 = Release|x64
		{4AD51D88-DCC7-4F2D-91A1-010A7F456F9F}.Release|x86.ActiveCfg = Release|Win32
		{4AD51D88-DCC7-4F2D-91A1-010A7F456F9F}.Release|x86.Build.0 = Release|Win32
		{5F5037F0-2B72-4511-966F-43949D4E0203}.Debug|x64.ActiveCfg = Debug|x64
		{5F5037F0-2B72-4511-966F-43949D4E0203}.Debug|x64.Build.0 = Debug|x64
		{5F5037F0-2B72-4511-966F-43949D4E0203}.Debug|x86.ActiveCfg = Debug|Win32
		{5F5037F0-2B72-4511-966F-43949D4E0203}.Debug|x86.Build.0 = Debug|Win32
		{5F5037F0-2B72-4511-966F-43949D4E0203}.Release|x64.ActiveCfg = Release|x64
		{5F5037F0-2B72-4511-966F-43949D4E0203}.Release|x64.Build.0 = Release|x64
		{5F5037F0-2B72-4511-966F-43949D4E0203}.Release|x86.ActiveCfg = Release|Win32
		{5F5037F0-2B72-4511-966F-43949D4E0203}.Release|x86.Build.0 = Release|Win32
		{153F6DEB-A865-4E1B-A2B7-91B9A3955DF8}.Debug|x64.ActiveCfg = Debug|x64
		{153F6DEB-A865-4E1B-A2B7-91B9A3955DF8}.Debug|x64.Build.0 = Debug|x64
		{153F6DEB-A865-4E1B-A2B7-91B9A3955DF8}.Debug|x86.ActiveCfg = Debug|Win32
		{153F6DEB-A865-4E1B-A2B7-91B9A3955DF8}.Debug|x86.Build.0 = Debug|Win32
		{153F6DEB-A865-4E1B-A2B7-91B9A3955DF8}.Release|x64.ActiveCfg = Release|x64
		{153F6DEB-A865-4E1B-A2B7-91B9A3955DF8}.Release|x64.Build.0 = Release|x64
		{153F6DEB-A865-4E1B-A2B7-91B9A3955DF8}.Release|x86.ActiveCfg = Release|Win32
		{153F6DEB-A865-4E1B-A2B7-91B9A3955DF8}.Release|x86.Build.0 = Release|Win32
	EndGlobalSection
	GlobalSection(SolutionProperties) = preSolution
		HideSolutionNode = FALSE
	EndGlobalSection
EndGlobal
