<?xml version="1.0" encoding="UTF-8" standalone="yes" ?>
<CodeBlocks_project_file>
	<FileVersion major="1" minor="6" />
	<Project>
		<Option title="Server" />
		<Option pch_mode="2" />
		<Option compiler="gcc" />
		<Build>
			<Target title="Debug">
				<Option output="bin/Debug/Server" prefix_auto="1" extension_auto="1" />
				<Option object_output="obj/Debug/" />
				<Option type="1" />
				<Option compiler="gcc" />
				<Compiler>
					<Add option="-g" />
				</Compiler>
			</Target>
			<Target title="Release">
				<Option output="bin/Release/Server" prefix_auto="1" extension_auto="1" />
				<Option object_output="obj/Release/" />
				<Option type="1" />
				<Option compiler="gcc" />
				<Compiler>
					<Add option="-O2" />
				</Compiler>
				<Linker>
					<Add option="-s" />
				</Linker>
			</Target>
		</Build>
		<Compiler>
			<Add directory="../sdks/SQUIRREL3/squirrel" />
			<Add directory="../sdks/RakNet" />
			<Add directory="../sdks/SQUIRREL3/include" />
		</Compiler>
		<Linker>
			<Add option="-lpthread" />
			<Add library="../sdks/SQUIRREL3/lib/libsqstdlib.a" />
			<Add library="../sdks/SQUIRREL3/lib/libsquirrel.a" />
		</Linker>
		<Unit filename="../sdks/RakNet/AutopatcherPatchContext.h" />
		<Unit filename="../sdks/RakNet/AutopatcherRepositoryInterface.h" />
		<Unit filename="../sdks/RakNet/Base64Encoder.cpp" />
		<Unit filename="../sdks/RakNet/Base64Encoder.h" />
		<Unit filename="../sdks/RakNet/BitStream.cpp" />
		<Unit filename="../sdks/RakNet/BitStream.h" />
		<Unit filename="../sdks/RakNet/CCRakNetSlidingWindow.cpp" />
		<Unit filename="../sdks/RakNet/CCRakNetSlidingWindow.h" />
		<Unit filename="../sdks/RakNet/CCRakNetUDT.cpp" />
		<Unit filename="../sdks/RakNet/CCRakNetUDT.h" />
		<Unit filename="../sdks/RakNet/CMakeLists.txt" />
		<Unit filename="../sdks/RakNet/CheckSum.cpp" />
		<Unit filename="../sdks/RakNet/CheckSum.h" />
		<Unit filename="../sdks/RakNet/CloudClient.cpp" />
		<Unit filename="../sdks/RakNet/CloudClient.h" />
		<Unit filename="../sdks/RakNet/CloudCommon.cpp" />
		<Unit filename="../sdks/RakNet/CloudCommon.h" />
		<Unit filename="../sdks/RakNet/CloudServer.cpp" />
		<Unit filename="../sdks/RakNet/CloudServer.h" />
		<Unit filename="../sdks/RakNet/CommandParserInterface.cpp" />
		<Unit filename="../sdks/RakNet/CommandParserInterface.h" />
		<Unit filename="../sdks/RakNet/ConnectionGraph2.cpp" />
		<Unit filename="../sdks/RakNet/ConnectionGraph2.h" />
		<Unit filename="../sdks/RakNet/ConsoleServer.cpp" />
		<Unit filename="../sdks/RakNet/ConsoleServer.h" />
		<Unit filename="../sdks/RakNet/DR_SHA1.cpp" />
		<Unit filename="../sdks/RakNet/DR_SHA1.h" />
		<Unit filename="../sdks/RakNet/DS_BPlusTree.h" />
		<Unit filename="../sdks/RakNet/DS_BinarySearchTree.h" />
		<Unit filename="../sdks/RakNet/DS_BytePool.cpp" />
		<Unit filename="../sdks/RakNet/DS_BytePool.h" />
		<Unit filename="../sdks/RakNet/DS_ByteQueue.cpp" />
		<Unit filename="../sdks/RakNet/DS_ByteQueue.h" />
		<Unit filename="../sdks/RakNet/DS_Hash.h" />
		<Unit filename="../sdks/RakNet/DS_Heap.h" />
		<Unit filename="../sdks/RakNet/DS_HuffmanEncodingTree.cpp" />
		<Unit filename="../sdks/RakNet/DS_HuffmanEncodingTree.h" />
		<Unit filename="../sdks/RakNet/DS_HuffmanEncodingTreeFactory.h" />
		<Unit filename="../sdks/RakNet/DS_HuffmanEncodingTreeNode.h" />
		<Unit filename="../sdks/RakNet/DS_LinkedList.h" />
		<Unit filename="../sdks/RakNet/DS_List.h" />
		<Unit filename="../sdks/RakNet/DS_Map.h" />
		<Unit filename="../sdks/RakNet/DS_MemoryPool.h" />
		<Unit filename="../sdks/RakNet/DS_Multilist.h" />
		<Unit filename="../sdks/RakNet/DS_OrderedChannelHeap.h" />
		<Unit filename="../sdks/RakNet/DS_OrderedList.h" />
		<Unit filename="../sdks/RakNet/DS_Queue.h" />
		<Unit filename="../sdks/RakNet/DS_QueueLinkedList.h" />
		<Unit filename="../sdks/RakNet/DS_RangeList.h" />
		<Unit filename="../sdks/RakNet/DS_Table.cpp" />
		<Unit filename="../sdks/RakNet/DS_Table.h" />
		<Unit filename="../sdks/RakNet/DS_ThreadsafeAllocatingQueue.h" />
		<Unit filename="../sdks/RakNet/DS_Tree.h" />
		<Unit filename="../sdks/RakNet/DS_WeightedGraph.h" />
		<Unit filename="../sdks/RakNet/DataCompressor.cpp" />
		<Unit filename="../sdks/RakNet/DataCompressor.h" />
		<Unit filename="../sdks/RakNet/DirectoryDeltaTransfer.cpp" />
		<Unit filename="../sdks/RakNet/DirectoryDeltaTransfer.h" />
		<Unit filename="../sdks/RakNet/DynDNS.cpp" />
		<Unit filename="../sdks/RakNet/DynDNS.h" />
		<Unit filename="../sdks/RakNet/EmailSender.cpp" />
		<Unit filename="../sdks/RakNet/EmailSender.h" />
		<Unit filename="../sdks/RakNet/EmptyHeader.h" />
		<Unit filename="../sdks/RakNet/EpochTimeToString.cpp" />
		<Unit filename="../sdks/RakNet/EpochTimeToString.h" />
		<Unit filename="../sdks/RakNet/Export.h" />
		<Unit filename="../sdks/RakNet/FileList.cpp" />
		<Unit filename="../sdks/RakNet/FileList.h" />
		<Unit filename="../sdks/RakNet/FileListNodeContext.h" />
		<Unit filename="../sdks/RakNet/FileListTransfer.cpp" />
		<Unit filename="../sdks/RakNet/FileListTransfer.h" />
		<Unit filename="../sdks/RakNet/FileListTransferCBInterface.h" />
		<Unit filename="../sdks/RakNet/FileOperations.cpp" />
		<Unit filename="../sdks/RakNet/FileOperations.h" />
		<Unit filename="../sdks/RakNet/FormatString.cpp" />
		<Unit filename="../sdks/RakNet/FormatString.h" />
		<Unit filename="../sdks/RakNet/FullyConnectedMesh2.cpp" />
		<Unit filename="../sdks/RakNet/FullyConnectedMesh2.h" />
		<Unit filename="../sdks/RakNet/GetTime.cpp" />
		<Unit filename="../sdks/RakNet/GetTime.h" />
		<Unit filename="../sdks/RakNet/Getche.cpp" />
		<Unit filename="../sdks/RakNet/Getche.h" />
		<Unit filename="../sdks/RakNet/Gets.cpp" />
		<Unit filename="../sdks/RakNet/Gets.h" />
		<Unit filename="../sdks/RakNet/GridSectorizer.cpp" />
		<Unit filename="../sdks/RakNet/GridSectorizer.h" />
		<Unit filename="../sdks/RakNet/HTTPConnection.cpp" />
		<Unit filename="../sdks/RakNet/HTTPConnection.h" />
		<Unit filename="../sdks/RakNet/HTTPConnection2.cpp" />
		<Unit filename="../sdks/RakNet/HTTPConnection2.h" />
		<Unit filename="../sdks/RakNet/IncrementalReadInterface.cpp" />
		<Unit filename="../sdks/RakNet/IncrementalReadInterface.h" />
		<Unit filename="../sdks/RakNet/InternalPacket.h" />
		<Unit filename="../sdks/RakNet/Itoa.cpp" />
		<Unit filename="../sdks/RakNet/Itoa.h" />
		<Unit filename="../sdks/RakNet/Kbhit.h" />
		<Unit filename="../sdks/RakNet/LinuxStrings.cpp" />
		<Unit filename="../sdks/RakNet/LinuxStrings.h" />
		<Unit filename="../sdks/RakNet/LocklessTypes.cpp" />
		<Unit filename="../sdks/RakNet/LocklessTypes.h" />
		<Unit filename="../sdks/RakNet/LogCommandParser.cpp" />
		<Unit filename="../sdks/RakNet/LogCommandParser.h" />
		<Unit filename="../sdks/RakNet/MTUSize.h" />
		<Unit filename="../sdks/RakNet/MessageFilter.cpp" />
		<Unit filename="../sdks/RakNet/MessageFilter.h" />
		<Unit filename="../sdks/RakNet/MessageIdentifiers.h" />
		<Unit filename="../sdks/RakNet/NatPunchthroughClient.cpp" />
		<Unit filename="../sdks/RakNet/NatPunchthroughClient.h" />
		<Unit filename="../sdks/RakNet/NatPunchthroughServer.cpp" />
		<Unit filename="../sdks/RakNet/NatPunchthroughServer.h" />
		<Unit filename="../sdks/RakNet/NatTypeDetectionClient.cpp" />
		<Unit filename="../sdks/RakNet/NatTypeDetectionClient.h" />
		<Unit filename="../sdks/RakNet/NatTypeDetectionCommon.cpp" />
		<Unit filename="../sdks/RakNet/NatTypeDetectionCommon.h" />
		<Unit filename="../sdks/RakNet/NatTypeDetectionServer.cpp" />
		<Unit filename="../sdks/RakNet/NatTypeDetectionServer.h" />
		<Unit filename="../sdks/RakNet/NativeFeatureIncludes.h" />
		<Unit filename="../sdks/RakNet/NativeFeatureIncludesOverrides.h" />
		<Unit filename="../sdks/RakNet/NativeTypes.h" />
		<Unit filename="../sdks/RakNet/NetworkIDManager.cpp" />
		<Unit filename="../sdks/RakNet/NetworkIDManager.h" />
		<Unit filename="../sdks/RakNet/NetworkIDObject.cpp" />
		<Unit filename="../sdks/RakNet/NetworkIDObject.h" />
		<Unit filename="../sdks/RakNet/PS3Includes.h" />
		<Unit filename="../sdks/RakNet/PS4Includes.cpp" />
		<Unit filename="../sdks/RakNet/PS4Includes.h" />
		<Unit filename="../sdks/RakNet/PacketConsoleLogger.cpp" />
		<Unit filename="../sdks/RakNet/PacketConsoleLogger.h" />
		<Unit filename="../sdks/RakNet/PacketFileLogger.cpp" />
		<Unit filename="../sdks/RakNet/PacketFileLogger.h" />
		<Unit filename="../sdks/RakNet/PacketLogger.cpp" />
		<Unit filename="../sdks/RakNet/PacketLogger.h" />
		<Unit filename="../sdks/RakNet/PacketOutputWindowLogger.cpp" />
		<Unit filename="../sdks/RakNet/PacketOutputWindowLogger.h" />
		<Unit filename="../sdks/RakNet/PacketPool.h" />
		<Unit filename="../sdks/RakNet/PacketPriority.h" />
		<Unit filename="../sdks/RakNet/PacketizedTCP.cpp" />
		<Unit filename="../sdks/RakNet/PacketizedTCP.h" />
		<Unit filename="../sdks/RakNet/PluginInterface2.cpp" />
		<Unit filename="../sdks/RakNet/PluginInterface2.h" />
		<Unit filename="../sdks/RakNet/RPC4Plugin.cpp" />
		<Unit filename="../sdks/RakNet/RPC4Plugin.h" />
		<Unit filename="../sdks/RakNet/Rackspace.cpp" />
		<Unit filename="../sdks/RakNet/Rackspace.h" />
		<Unit filename="../sdks/RakNet/RakAlloca.h" />
		<Unit filename="../sdks/RakNet/RakAssert.h" />
		<Unit filename="../sdks/RakNet/RakMemoryOverride.cpp" />
		<Unit filename="../sdks/RakNet/RakMemoryOverride.h" />
		<Unit filename="../sdks/RakNet/RakNet.vcproj" />
		<Unit filename="../sdks/RakNet/RakNetCommandParser.cpp" />
		<Unit filename="../sdks/RakNet/RakNetCommandParser.h" />
		<Unit filename="../sdks/RakNet/RakNetDefines.h" />
		<Unit filename="../sdks/RakNet/RakNetDefinesOverrides.h" />
		<Unit filename="../sdks/RakNet/RakNetSmartPtr.h" />
		<Unit filename="../sdks/RakNet/RakNetSocket.cpp" />
		<Unit filename="../sdks/RakNet/RakNetSocket.h" />
		<Unit filename="../sdks/RakNet/RakNetSocket2.cpp" />
		<Unit filename="../sdks/RakNet/RakNetSocket2.h" />
		<Unit filename="../sdks/RakNet/RakNetSocket2_360_720.cpp" />
		<Unit filename="../sdks/RakNet/RakNetSocket2_Berkley.cpp" />
		<Unit filename="../sdks/RakNet/RakNetSocket2_Berkley_NativeClient.cpp" />
		<Unit filename="../sdks/RakNet/RakNetSocket2_NativeClient.cpp" />
		<Unit filename="../sdks/RakNet/RakNetSocket2_PS3_PS4.cpp" />
		<Unit filename="../sdks/RakNet/RakNetSocket2_PS4.cpp" />
		<Unit filename="../sdks/RakNet/RakNetSocket2_Vita.cpp" />
		<Unit filename="../sdks/RakNet/RakNetSocket2_WindowsStore8.cpp" />
		<Unit filename="../sdks/RakNet/RakNetSocket2_Windows_Linux.cpp" />
		<Unit filename="../sdks/RakNet/RakNetSocket2_Windows_Linux_360.cpp" />
		<Unit filename="../sdks/RakNet/RakNetStatistics.cpp" />
		<Unit filename="../sdks/RakNet/RakNetStatistics.h" />
		<Unit filename="../sdks/RakNet/RakNetTime.h" />
		<Unit filename="../sdks/RakNet/RakNetTransport2.cpp" />
		<Unit filename="../sdks/RakNet/RakNetTransport2.h" />
		<Unit filename="../sdks/RakNet/RakNetTypes.cpp" />
		<Unit filename="../sdks/RakNet/RakNetTypes.h" />
		<Unit filename="../sdks/RakNet/RakNetVersion.h" />
		<Unit filename="../sdks/RakNet/RakNet_vc8.vcproj" />
		<Unit filename="../sdks/RakNet/RakNet_vc9.vcproj" />
		<Unit filename="../sdks/RakNet/RakPeer.cpp" />
		<Unit filename="../sdks/RakNet/RakPeer.h" />
		<Unit filename="../sdks/RakNet/RakPeerInterface.h" />
		<Unit filename="../sdks/RakNet/RakSleep.cpp" />
		<Unit filename="../sdks/RakNet/RakSleep.h" />
		<Unit filename="../sdks/RakNet/RakString.cpp" />
		<Unit filename="../sdks/RakNet/RakString.h" />
		<Unit filename="../sdks/RakNet/RakThread.cpp" />
		<Unit filename="../sdks/RakNet/RakThread.h" />
		<Unit filename="../sdks/RakNet/RakWString.cpp" />
		<Unit filename="../sdks/RakNet/RakWString.h" />
		<Unit filename="../sdks/RakNet/Rand.cpp" />
		<Unit filename="../sdks/RakNet/Rand.h" />
		<Unit filename="../sdks/RakNet/RandSync.cpp" />
		<Unit filename="../sdks/RakNet/RandSync.h" />
		<Unit filename="../sdks/RakNet/ReadyEvent.cpp" />
		<Unit filename="../sdks/RakNet/ReadyEvent.h" />
		<Unit filename="../sdks/RakNet/RefCountedObj.h" />
		<Unit filename="../sdks/RakNet/RelayPlugin.cpp" />
		<Unit filename="../sdks/RakNet/RelayPlugin.h" />
		<Unit filename="../sdks/RakNet/ReliabilityLayer.cpp" />
		<Unit filename="../sdks/RakNet/ReliabilityLayer.h" />
		<Unit filename="../sdks/RakNet/ReplicaEnums.h" />
		<Unit filename="../sdks/RakNet/ReplicaManager3.cpp" />
		<Unit filename="../sdks/RakNet/ReplicaManager3.h" />
		<Unit filename="../sdks/RakNet/Router2.cpp" />
		<Unit filename="../sdks/RakNet/Router2.h" />
		<Unit filename="../sdks/RakNet/SecureHandshake.cpp" />
		<Unit filename="../sdks/RakNet/SecureHandshake.h" />
		<Unit filename="../sdks/RakNet/SendToThread.cpp" />
		<Unit filename="../sdks/RakNet/SendToThread.h" />
		<Unit filename="../sdks/RakNet/SignaledEvent.cpp" />
		<Unit filename="../sdks/RakNet/SignaledEvent.h" />
		<Unit filename="../sdks/RakNet/SimpleMutex.cpp" />
		<Unit filename="../sdks/RakNet/SimpleMutex.h" />
		<Unit filename="../sdks/RakNet/SimpleTCPServer.h" />
		<Unit filename="../sdks/RakNet/SingleProducerConsumer.h" />
		<Unit filename="../sdks/RakNet/SocketDefines.h" />
		<Unit filename="../sdks/RakNet/SocketIncludes.h" />
		<Unit filename="../sdks/RakNet/SocketLayer.cpp" />
		<Unit filename="../sdks/RakNet/SocketLayer.h" />
		<Unit filename="../sdks/RakNet/StatisticsHistory.cpp" />
		<Unit filename="../sdks/RakNet/StatisticsHistory.h" />
		<Unit filename="../sdks/RakNet/StringCompressor.cpp" />
		<Unit filename="../sdks/RakNet/StringCompressor.h" />
		<Unit filename="../sdks/RakNet/StringTable.cpp" />
		<Unit filename="../sdks/RakNet/StringTable.h" />
		<Unit filename="../sdks/RakNet/SuperFastHash.cpp" />
		<Unit filename="../sdks/RakNet/SuperFastHash.h" />
		<Unit filename="../sdks/RakNet/TCPInterface.cpp" />
		<Unit filename="../sdks/RakNet/TCPInterface.h" />
		<Unit filename="../sdks/RakNet/TableSerializer.cpp" />
		<Unit filename="../sdks/RakNet/TableSerializer.h" />
		<Unit filename="../sdks/RakNet/TeamBalancer.cpp" />
		<Unit filename="../sdks/RakNet/TeamBalancer.h" />
		<Unit filename="../sdks/RakNet/TeamManager.cpp" />
		<Unit filename="../sdks/RakNet/TeamManager.h" />
		<Unit filename="../sdks/RakNet/TelnetTransport.cpp" />
		<Unit filename="../sdks/RakNet/TelnetTransport.h" />
		<Unit filename="../sdks/RakNet/ThreadPool.h" />
		<Unit filename="../sdks/RakNet/ThreadsafePacketLogger.cpp" />
		<Unit filename="../sdks/RakNet/ThreadsafePacketLogger.h" />
		<Unit filename="../sdks/RakNet/TransportInterface.h" />
		<Unit filename="../sdks/RakNet/TwoWayAuthentication.cpp" />
		<Unit filename="../sdks/RakNet/TwoWayAuthentication.h" />
		<Unit filename="../sdks/RakNet/UDPForwarder.cpp" />
		<Unit filename="../sdks/RakNet/UDPForwarder.h" />
		<Unit filename="../sdks/RakNet/UDPProxyClient.cpp" />
		<Unit filename="../sdks/RakNet/UDPProxyClient.h" />
		<Unit filename="../sdks/RakNet/UDPProxyCommon.h" />
		<Unit filename="../sdks/RakNet/UDPProxyCoordinator.cpp" />
		<Unit filename="../sdks/RakNet/UDPProxyCoordinator.h" />
		<Unit filename="../sdks/RakNet/UDPProxyServer.cpp" />
		<Unit filename="../sdks/RakNet/UDPProxyServer.h" />
		<Unit filename="../sdks/RakNet/VariableDeltaSerializer.cpp" />
		<Unit filename="../sdks/RakNet/VariableDeltaSerializer.h" />
		<Unit filename="../sdks/RakNet/VariableListDeltaTracker.cpp" />
		<Unit filename="../sdks/RakNet/VariableListDeltaTracker.h" />
		<Unit filename="../sdks/RakNet/VariadicSQLParser.cpp" />
		<Unit filename="../sdks/RakNet/VariadicSQLParser.h" />
		<Unit filename="../sdks/RakNet/VitaIncludes.cpp" />
		<Unit filename="../sdks/RakNet/VitaIncludes.h" />
		<Unit filename="../sdks/RakNet/WSAStartupSingleton.cpp" />
		<Unit filename="../sdks/RakNet/WSAStartupSingleton.h" />
		<Unit filename="../sdks/RakNet/WindowsIncludes.h" />
		<Unit filename="../sdks/RakNet/XBox360Includes.h" />
		<Unit filename="../sdks/RakNet/_FindFirst.cpp" />
		<Unit filename="../sdks/RakNet/_FindFirst.h" />
		<Unit filename="../sdks/RakNet/gettimeofday.cpp" />
		<Unit filename="../sdks/RakNet/gettimeofday.h" />
		<Unit filename="../sdks/SQUIRREL3/include/sqstdaux.h" />
		<Unit filename="../sdks/SQUIRREL3/include/sqstdblob.h" />
		<Unit filename="../sdks/SQUIRREL3/include/sqstdio.h" />
		<Unit filename="../sdks/SQUIRREL3/include/sqstdmath.h" />
		<Unit filename="../sdks/SQUIRREL3/include/sqstdstring.h" />
		<Unit filename="../sdks/SQUIRREL3/include/sqstdsystem.h" />
		<Unit filename="../sdks/SQUIRREL3/include/squirrel.h" />
		<Unit filename="../sdks/UDPWrapper/UDPWrapper.cpp" />
		<Unit filename="../sdks/UDPWrapper/UDPWrapper.h" />
		<Unit filename="../sdks/UDPWrapper/clhmpquery.cpp" />
		<Unit filename="../sdks/UDPWrapper/clhmpquery.h" />
		<Unit filename="../sdks/md5/md5.cpp" />
		<Unit filename="../sdks/md5/md5.h" />
		<Unit filename="../shared/enums.h" />
		<Unit filename="../shared/gamestructures.h" />
		<Unit filename="../shared/limits.h" />
		<Unit filename="../shared/structures.h" />
		<Unit filename="../shared/tools.h" />
		<Unit filename="../shared/version.h" />
		<Unit filename="../shared/weapons.h" />
		<Unit filename="CBanSystem.cpp" />
		<Unit filename="CBanSystem.h" />
		<Unit filename="CConfig.cpp" />
		<Unit filename="CConfig.h" />
		<Unit filename="CConsole.cpp" />
		<Unit filename="CConsole.h" />
		<Unit filename="CCore.cpp" />
		<Unit filename="CCore.h" />
		<Unit filename="CDoorPool.cpp" />
		<Unit filename="CDoorPool.h" />
		<Unit filename="CEntity.cpp" />
		<Unit filename="CEntity.h" />
		<Unit filename="CFileTransfer.cpp" />
		<Unit filename="CFileTransfer.h" />
		<Unit filename="CGameMode.cpp" />
		<Unit filename="CGameMode.h" />
		<Unit filename="CLog.cpp" />
		<Unit filename="CLog.h" />
		<Unit filename="CMasterServer.cpp" />
		<Unit filename="CMasterServer.h" />
		<Unit filename="CNetworkManager.cpp" />
		<Unit filename="CNetworkManager.h" />
		<Unit filename="CPickup.cpp" />
		<Unit filename="CPickup.h" />
		<Unit filename="CPickupPool.cpp" />
		<Unit filename="CPickupPool.h" />
		<Unit filename="CPlayer.cpp" />
		<Unit filename="CPlayer.h" />
		<Unit filename="CPlayerPool.cpp" />
		<Unit filename="CPlayerPool.h" />
		<Unit filename="CQueryServer.cpp" />
		<Unit filename="CQueryServer.h" />
		<Unit filename="CScript.cpp" />
		<Unit filename="CScript.h" />
		<Unit filename="CScripts.cpp" />
		<Unit filename="CScripts.h" />
		<Unit filename="CTickManager.cpp" />
		<Unit filename="CTickManager.h" />
		<Unit filename="CTimer.cpp" />
		<Unit filename="CTimer.h" />
		<Unit filename="CTimerPool.cpp" />
		<Unit filename="CTimerPool.h" />
		<Unit filename="CVehicle.cpp" />
		<Unit filename="CVehicle.h" />
		<Unit filename="CVehiclePool.cpp" />
		<Unit filename="CVehiclePool.h" />
		<Unit filename="Main.cpp" />
		<Unit filename="sq_SQlite.h" />
		<Unit filename="sq_funcdef.cpp" />
		<Unit filename="sq_funcdef.h" />
		<Unit filename="sq_functions.cpp" />
		<Unit filename="sq_functions.h" />
		<Unit filename="sq_utils.cpp" />
		<Unit filename="sq_utils.h" />
		<Unit filename="squirrelheads.cpp" />
		<Unit filename="squirrelheads.h" />
		<Extensions>
			<code_completion />
			<debugger />
		</Extensions>
	</Project>
</CodeBlocks_project_file>
